
Microsoft Visual Studio Solution File, Format Version 12.00
# Visual Studio Version 17
VisualStudioVersion = 17.13.35806.99
MinimumVisualStudioVersion = 10.0.40219.1
Project("{FAE04EC0-301F-11D3-BF4B-00C04F79EFBC}") = "IXM.API", "IXM.API.csproj", "{B960400D-4282-469D-AF10-BCAE8C39BFDF}"
	ProjectSection(ProjectDependencies) = postProject
		{39348DE7-441F-0BC0-01BF-55BB17426FA7} = {39348DE7-441F-0BC0-01BF-55BB17426FA7}
		{7C8EDE89-00E7-5999-1D3A-82B399E2307B} = {7C8EDE89-00E7-5999-1D3A-82B399E2307B}
		{9397570F-3F94-5DBA-BB89-EDFCCFDCC346} = {9397570F-3F94-5DBA-BB89-EDFCCFDCC346}
		{9717755E-1F6D-28FF-55C3-3E79435E99C0} = {9717755E-1F6D-28FF-55C3-3E79435E99C0}
		{DFB09203-D80F-060D-897F-4367033C2FC8} = {DFB09203-D80F-060D-897F-4367033C2FC8}
	EndProjectSection
EndProject
Project("{FAE04EC0-301F-11D3-BF4B-00C04F79EFBC}") = "IXM.DB", "..\IXM.DB\IXM.DB.csproj", "{DFB09203-D80F-060D-897F-4367033C2FC8}"
EndProject
Project("{FAE04EC0-301F-11D3-BF4B-00C04F79EFBC}") = "IXM.Common", "..\IXM.Common\IXM.Common.csproj", "{7C8EDE89-00E7-5999-1D3A-82B399E2307B}"
EndProject
Project("{FAE04EC0-301F-11D3-BF4B-00C04F79EFBC}") = "IXM.GeneralSQL", "..\IXM.GeneralSQL\IXM.GeneralSQL.csproj", "{9397570F-3F94-5DBA-BB89-EDFCCFDCC346}"
EndProject
Project("{FAE04EC0-301F-11D3-BF4B-00C04F79EFBC}") = "IXM.Models", "..\IXM.Models\IXM.Models.csproj", "{9717755E-1F6D-28FF-55C3-3E79435E99C0}"
EndProject
Project("{FAE04EC0-301F-11D3-BF4B-00C04F79EFBC}") = "IXM.Models.Core", "..\IXM.Models.Core\IXM.Models.Core.csproj", "{39348DE7-441F-0BC0-01BF-55BB17426FA7}"
EndProject
Project("{FAE04EC0-301F-11D3-BF4B-00C04F79EFBC}") = "IXM.Constants", "..\IXM.Constants\IXM.Constants.csproj", "{C8C5C02A-97FE-6551-9C78-504E64110925}"
EndProject
Global
	GlobalSection(SolutionConfigurationPlatforms) = preSolution
		Debug|Any CPU = Debug|Any CPU
		Release|Any CPU = Release|Any CPU
	EndGlobalSection
	GlobalSection(ProjectConfigurationPlatforms) = postSolution
		{B960400D-4282-469D-AF10-BCAE8C39BFDF}.Debug|Any CPU.ActiveCfg = Debug|Any CPU
		{B960400D-4282-469D-AF10-BCAE8C39BFDF}.Debug|Any CPU.Build.0 = Debug|Any CPU
		{B960400D-4282-469D-AF10-BCAE8C39BFDF}.Release|Any CPU.ActiveCfg = Release|Any CPU
		{B960400D-4282-469D-AF10-BCAE8C39BFDF}.Release|Any CPU.Build.0 = Release|Any CPU
		{DFB09203-D80F-060D-897F-4367033C2FC8}.Debug|Any CPU.ActiveCfg = Debug|Any CPU
		{DFB09203-D80F-060D-897F-4367033C2FC8}.Debug|Any CPU.Build.0 = Debug|Any CPU
		{DFB09203-D80F-060D-897F-4367033C2FC8}.Release|Any CPU.ActiveCfg = Release|Any CPU
		{DFB09203-D80F-060D-897F-4367033C2FC8}.Release|Any CPU.Build.0 = Release|Any CPU
		{7C8EDE89-00E7-5999-1D3A-82B399E2307B}.Debug|Any CPU.ActiveCfg = Debug|Any CPU
		{7C8EDE89-00E7-5999-1D3A-82B399E2307B}.Debug|Any CPU.Build.0 = Debug|Any CPU
		{7C8EDE89-00E7-5999-1D3A-82B399E2307B}.Release|Any CPU.ActiveCfg = Release|Any CPU
		{7C8EDE89-00E7-5999-1D3A-82B399E2307B}.Release|Any CPU.Build.0 = Release|Any CPU
		{9397570F-3F94-5DBA-BB89-EDFCCFDCC346}.Debug|Any CPU.ActiveCfg = Debug|Any CPU
		{9397570F-3F94-5DBA-BB89-EDFCCFDCC346}.Debug|Any CPU.Build.0 = Debug|Any CPU
		{9397570F-3F94-5DBA-BB89-EDFCCFDCC346}.Release|Any CPU.ActiveCfg = Release|Any CPU
		{9397570F-3F94-5DBA-BB89-EDFCCFDCC346}.Release|Any CPU.Build.0 = Release|Any CPU
		{9717755E-1F6D-28FF-55C3-3E79435E99C0}.Debug|Any CPU.ActiveCfg = Debug|Any CPU
		{9717755E-1F6D-28FF-55C3-3E79435E99C0}.Debug|Any CPU.Build.0 = Debug|Any CPU
		{9717755E-1F6D-28FF-55C3-3E79435E99C0}.Release|Any CPU.ActiveCfg = Release|Any CPU
		{9717755E-1F6D-28FF-55C3-3E79435E99C0}.Release|Any CPU.Build.0 = Release|Any CPU
		{39348DE7-441F-0BC0-01BF-55BB17426FA7}.Debug|Any CPU.ActiveCfg = Debug|Any CPU
		{39348DE7-441F-0BC0-01BF-55BB17426FA7}.Debug|Any CPU.Build.0 = Debug|Any CPU
		{39348DE7-441F-0BC0-01BF-55BB17426FA7}.Release|Any CPU.ActiveCfg = Release|Any CPU
		{39348DE7-441F-0BC0-01BF-55BB17426FA7}.Release|Any CPU.Build.0 = Release|Any CPU
		{C8C5C02A-97FE-6551-9C78-504E64110925}.Debug|Any CPU.ActiveCfg = Debug|Any CPU
		{C8C5C02A-97FE-6551-9C78-504E64110925}.Debug|Any CPU.Build.0 = Debug|Any CPU
		{C8C5C02A-97FE-6551-9C78-504E64110925}.Release|Any CPU.ActiveCfg = Release|Any CPU
		{C8C5C02A-97FE-6551-9C78-504E64110925}.Release|Any CPU.Build.0 = Release|Any CPU
	EndGlobalSection
	GlobalSection(SolutionProperties) = preSolution
		HideSolutionNode = FALSE
	EndGlobalSection
	GlobalSection(ExtensibilityGlobals) = postSolution
		SolutionGuid = {D7D166FB-E182-4594-A9F5-C89F533A533F}
	EndGlobalSection
EndGlobal
